
Microsoft Visual Studio Solution File, Format Version 12.00
# Visual Studio 2015
Project("{FAE04EC0-301F-11D3-BF4B-00C04F79EFBC}") = "Box_Cracker.CSharp.Plugins", "Box_Cracker.CSharp.Plugins.csproj", "{CE1EEA87-2E34-06C8-4CCF-DDE8464D2C15}"
EndProject
Project("{FAE04EC0-301F-11D3-BF4B-00C04F79EFBC}") = "Box_Cracker.CSharp", "Box_Cracker.CSharp.csproj", "{6324A723-D8AF-8FA3-3165-0FAEC6EAAE14}"
EndProject
Project("{FAE04EC0-301F-11D3-BF4B-00C04F79EFBC}") = "Box_Cracker.CSharp.Editor", "Box_Cracker.CSharp.Editor.csproj", "{4EB77EBD-B770-D056-8522-7C00A6CF3CD5}"
EndProject
Global
	GlobalSection(SolutionConfigurationPlatforms) = preSolution
		Debug|Any CPU = Debug|Any CPU
		Release|Any CPU = Release|Any CPU
	EndGlobalSection
	GlobalSection(ProjectConfigurationPlatforms) = postSolution
		{CE1EEA87-2E34-06C8-4CCF-DDE8464D2C15}.Debug|Any CPU.ActiveCfg = Debug|Any CPU
		{CE1EEA87-2E34-06C8-4CCF-DDE8464D2C15}.Debug|Any CPU.Build.0 = Debug|Any CPU
		{CE1EEA87-2E34-06C8-4CCF-DDE8464D2C15}.Release|Any CPU.ActiveCfg = Release|Any CPU
		{CE1EEA87-2E34-06C8-4CCF-DDE8464D2C15}.Release|Any CPU.Build.0 = Release|Any CPU
		{6324A723-D8AF-8FA3-3165-0FAEC6EAAE14}.Debug|Any CPU.ActiveCfg = Debug|Any CPU
		{6324A723-D8AF-8FA3-3165-0FAEC6EAAE14}.Debug|Any CPU.Build.0 = Debug|Any CPU
		{6324A723-D8AF-8FA3-3165-0FAEC6EAAE14}.Release|Any CPU.ActiveCfg = Release|Any CPU
		{6324A723-D8AF-8FA3-3165-0FAEC6EAAE14}.Release|Any CPU.Build.0 = Release|Any CPU
		{4EB77EBD-B770-D056-8522-7C00A6CF3CD5}.Debug|Any CPU.ActiveCfg = Debug|Any CPU
		{4EB77EBD-B770-D056-8522-7C00A6CF3CD5}.Debug|Any CPU.Build.0 = Debug|Any CPU
		{4EB77EBD-B770-D056-8522-7C00A6CF3CD5}.Release|Any CPU.ActiveCfg = Release|Any CPU
		{4EB77EBD-B770-D056-8522-7C00A6CF3CD5}.Release|Any CPU.Build.0 = Release|Any CPU
	EndGlobalSection
	GlobalSection(SolutionProperties) = preSolution
		HideSolutionNode = FALSE
	EndGlobalSection
EndGlobal
